// !$*UTF8*$!
{
	archiveVersion = 1;
	classes = {
	};
	objectVersion = 50;
	objects = {

/* Begin PBXBuildFile section */
		12A41FE424CB86C900252AB3 /* AppDelegate.swift in Sources */ = {isa = PBXBuildFile; fileRef = 12A41FE324CB86C900252AB3 /* AppDelegate.swift */; };
		12A41FE624CB86C900252AB3 /* SceneDelegate.swift in Sources */ = {isa = PBXBuildFile; fileRef = 12A41FE524CB86C900252AB3 /* SceneDelegate.swift */; };
		12A41FE824CB86C900252AB3 /* ViewController.swift in Sources */ = {isa = PBXBuildFile; fileRef = 12A41FE724CB86C900252AB3 /* ViewController.swift */; };
		12A41FEB24CB86C900252AB3 /* Main.storyboard in Resources */ = {isa = PBXBuildFile; fileRef = 12A41FE924CB86C900252AB3 /* Main.storyboard */; };
		12A41FED24CB86CB00252AB3 /* Assets.xcassets in Resources */ = {isa = PBXBuildFile; fileRef = 12A41FEC24CB86CB00252AB3 /* Assets.xcassets */; };
		12A41FF024CB86CB00252AB3 /* LaunchScreen.storyboard in Resources */ = {isa = PBXBuildFile; fileRef = 12A41FEE24CB86CB00252AB3 /* LaunchScreen.storyboard */; };
		12A41FFB24CB86CB00252AB3 /* LargeProjectCircleCITests.swift in Sources */ = {isa = PBXBuildFile; fileRef = 12A41FFA24CB86CB00252AB3 /* LargeProjectCircleCITests.swift */; };
/* End PBXBuildFile section */

/* Begin PBXContainerItemProxy section */
		12A41FF724CB86CB00252AB3 /* PBXContainerItemProxy */ = {
			isa = PBXContainerItemProxy;
			containerPortal = 12A41FD824CB86C900252AB3 /* Project object */;
			proxyType = 1;
			remoteGlobalIDString = 12A41FDF24CB86C900252AB3;
			remoteInfo = LargeProjectCircleCI;
		};
/* End PBXContainerItemProxy section */

/* Begin PBXFileReference section */
		12A41FE024CB86C900252AB3 /* LargeProjectCircleCI.app */ = {isa = PBXFileReference; explicitFileType = wrapper.application; includeInIndex = 0; path = LargeProjectCircleCI.app; sourceTree = BUILT_PRODUCTS_DIR; };
		12A41FE324CB86C900252AB3 /* AppDelegate.swift */ = {isa = PBXFileReference; lastKnownFileType = sourcecode.swift; path = AppDelegate.swift; sourceTree = "<group>"; };
		12A41FE524CB86C900252AB3 /* SceneDelegate.swift */ = {isa = PBXFileReference; lastKnownFileType = sourcecode.swift; path = SceneDelegate.swift; sourceTree = "<group>"; };
		12A41FE724CB86C900252AB3 /* ViewController.swift */ = {isa = PBXFileReference; lastKnownFileType = sourcecode.swift; path = ViewController.swift; sourceTree = "<group>"; };
		12A41FEA24CB86C900252AB3 /* Base */ = {isa = PBXFileReference; lastKnownFileType = file.storyboard; name = Base; path = Base.lproj/Main.storyboard; sourceTree = "<group>"; };
		12A41FEC24CB86CB00252AB3 /* Assets.xcassets */ = {isa = PBXFileReference; lastKnownFileType = folder.assetcatalog; path = Assets.xcassets; sourceTree = "<group>"; };
		12A41FEF24CB86CB00252AB3 /* Base */ = {isa = PBXFileReference; lastKnownFileType = file.storyboard; name = Base; path = Base.lproj/LaunchScreen.storyboard; sourceTree = "<group>"; };
		12A41FF124CB86CB00252AB3 /* Info.plist */ = {isa = PBXFileReference; lastKnownFileType = text.plist.xml; path = Info.plist; sourceTree = "<group>"; };
		12A41FF624CB86CB00252AB3 /* LargeProjectCircleCITests.xctest */ = {isa = PBXFileReference; explicitFileType = wrapper.cfbundle; includeInIndex = 0; path = LargeProjectCircleCITests.xctest; sourceTree = BUILT_PRODUCTS_DIR; };
		12A41FFA24CB86CB00252AB3 /* LargeProjectCircleCITests.swift */ = {isa = PBXFileReference; lastKnownFileType = sourcecode.swift; path = LargeProjectCircleCITests.swift; sourceTree = "<group>"; };
		12A41FFC24CB86CB00252AB3 /* Info.plist */ = {isa = PBXFileReference; lastKnownFileType = text.plist.xml; path = Info.plist; sourceTree = "<group>"; };
/* End PBXFileReference section */

/* Begin PBXFrameworksBuildPhase section */
		12A41FDD24CB86C900252AB3 /* Frameworks */ = {
			isa = PBXFrameworksBuildPhase;
			buildActionMask = 2147483647;
			files = (
			);
			runOnlyForDeploymentPostprocessing = 0;
		};
		12A41FF324CB86CB00252AB3 /* Frameworks */ = {
			isa = PBXFrameworksBuildPhase;
			buildActionMask = 2147483647;
			files = (
			);
			runOnlyForDeploymentPostprocessing = 0;
		};
/* End PBXFrameworksBuildPhase section */

/* Begin PBXGroup section */
		12A41FD724CB86C900252AB3 = {
			isa = PBXGroup;
			children = (
				12A41FE224CB86C900252AB3 /* LargeProjectCircleCI */,
				12A41FF924CB86CB00252AB3 /* LargeProjectCircleCITests */,
				12A41FE124CB86C900252AB3 /* Products */,
			);
			sourceTree = "<group>";
		};
		12A41FE124CB86C900252AB3 /* Products */ = {
			isa = PBXGroup;
			children = (
				12A41FE024CB86C900252AB3 /* LargeProjectCircleCI.app */,
				12A41FF624CB86CB00252AB3 /* LargeProjectCircleCITests.xctest */,
			);
			name = Products;
			sourceTree = "<group>";
		};
		12A41FE224CB86C900252AB3 /* LargeProjectCircleCI */ = {
			isa = PBXGroup;
			children = (
				12A41FE324CB86C900252AB3 /* AppDelegate.swift */,
				12A41FE524CB86C900252AB3 /* SceneDelegate.swift */,
				12A41FE724CB86C900252AB3 /* ViewController.swift */,
				12A41FE924CB86C900252AB3 /* Main.storyboard */,
				12A41FEC24CB86CB00252AB3 /* Assets.xcassets */,
				12A41FEE24CB86CB00252AB3 /* LaunchScreen.storyboard */,
				12A41FF124CB86CB00252AB3 /* Info.plist */,
			);
			path = LargeProjectCircleCI;
			sourceTree = "<group>";
		};
		12A41FF924CB86CB00252AB3 /* LargeProjectCircleCITests */ = {
			isa = PBXGroup;
			children = (
				12A41FFA24CB86CB00252AB3 /* LargeProjectCircleCITests.swift */,
				12A41FFC24CB86CB00252AB3 /* Info.plist */,
			);
			path = LargeProjectCircleCITests;
			sourceTree = "<group>";
		};
/* End PBXGroup section */

/* Begin PBXNativeTarget section */
		12A41FDF24CB86C900252AB3 /* LargeProjectCircleCI */ = {
			isa = PBXNativeTarget;
			buildConfigurationList = 12A41FFF24CB86CB00252AB3 /* Build configuration list for PBXNativeTarget "LargeProjectCircleCI" */;
			buildPhases = (
				12A41FDC24CB86C900252AB3 /* Sources */,
				12A41FDD24CB86C900252AB3 /* Frameworks */,
				12A41FDE24CB86C900252AB3 /* Resources */,
			);
			buildRules = (
			);
			dependencies = (
			);
			name = LargeProjectCircleCI;
			productName = LargeProjectCircleCI;
			productReference = 12A41FE024CB86C900252AB3 /* LargeProjectCircleCI.app */;
			productType = "com.apple.product-type.application";
		};
		12A41FF524CB86CB00252AB3 /* LargeProjectCircleCITests */ = {
			isa = PBXNativeTarget;
			buildConfigurationList = 12A4200224CB86CB00252AB3 /* Build configuration list for PBXNativeTarget "LargeProjectCircleCITests" */;
			buildPhases = (
				12A41FF224CB86CB00252AB3 /* Sources */,
				12A41FF324CB86CB00252AB3 /* Frameworks */,
				12A41FF424CB86CB00252AB3 /* Resources */,
			);
			buildRules = (
			);
			dependencies = (
				12A41FF824CB86CB00252AB3 /* PBXTargetDependency */,
			);
			name = LargeProjectCircleCITests;
			productName = LargeProjectCircleCITests;
			productReference = 12A41FF624CB86CB00252AB3 /* LargeProjectCircleCITests.xctest */;
			productType = "com.apple.product-type.bundle.unit-test";
		};
/* End PBXNativeTarget section */

/* Begin PBXProject section */
		12A41FD824CB86C900252AB3 /* Project object */ = {
			isa = PBXProject;
			attributes = {
				LastSwiftUpdateCheck = 1160;
				LastUpgradeCheck = 1160;
				ORGANIZATIONNAME = "Shah Priyank";
				TargetAttributes = {
					12A41FDF24CB86C900252AB3 = {
						CreatedOnToolsVersion = 11.6;
					};
					12A41FF524CB86CB00252AB3 = {
						CreatedOnToolsVersion = 11.6;
						TestTargetID = 12A41FDF24CB86C900252AB3;
					};
				};
			};
			buildConfigurationList = 12A41FDB24CB86C900252AB3 /* Build configuration list for PBXProject "LargeProjectCircleCI" */;
			compatibilityVersion = "Xcode 9.3";
			developmentRegion = en;
			hasScannedForEncodings = 0;
			knownRegions = (
				en,
				Base,
			);
			mainGroup = 12A41FD724CB86C900252AB3;
			productRefGroup = 12A41FE124CB86C900252AB3 /* Products */;
			projectDirPath = "";
			projectRoot = "";
			targets = (
				12A41FDF24CB86C900252AB3 /* LargeProjectCircleCI */,
				12A41FF524CB86CB00252AB3 /* LargeProjectCircleCITests */,
			);
		};
/* End PBXProject section */

/* Begin PBXResourcesBuildPhase section */
		12A41FDE24CB86C900252AB3 /* Resources */ = {
			isa = PBXResourcesBuildPhase;
			buildActionMask = 2147483647;
			files = (
				12A41FF024CB86CB00252AB3 /* LaunchScreen.storyboard in Resources */,
				12A41FED24CB86CB00252AB3 /* Assets.xcassets in Resources */,
				12A41FEB24CB86C900252AB3 /* Main.storyboard in Resources */,
			);
			runOnlyForDeploymentPostprocessing = 0;
		};
		12A41FF424CB86CB00252AB3 /* Resources */ = {
			isa = PBXResourcesBuildPhase;
			buildActionMask = 2147483647;
			files = (
			);
			runOnlyForDeploymentPostprocessing = 0;
		};
/* End PBXResourcesBuildPhase section */

/* Begin PBXSourcesBuildPhase section */
		12A41FDC24CB86C900252AB3 /* Sources */ = {
			isa = PBXSourcesBuildPhase;
			buildActionMask = 2147483647;
			files = (
				12A41FE824CB86C900252AB3 /* ViewController.swift in Sources */,
				12A41FE424CB86C900252AB3 /* AppDelegate.swift in Sources */,
				12A41FE624CB86C900252AB3 /* SceneDelegate.swift in Sources */,
			);
			runOnlyForDeploymentPostprocessing = 0;
		};
		12A41FF224CB86CB00252AB3 /* Sources */ = {
			isa = PBXSourcesBuildPhase;
			buildActionMask = 2147483647;
			files = (
				12A41FFB24CB86CB00252AB3 /* LargeProjectCircleCITests.swift in Sources */,
			);
			runOnlyForDeploymentPostprocessing = 0;
		};
/* End PBXSourcesBuildPhase section */

/* Begin PBXTargetDependency section */
		12A41FF824CB86CB00252AB3 /* PBXTargetDependency */ = {
			isa = PBXTargetDependency;
			target = 12A41FDF24CB86C900252AB3 /* LargeProjectCircleCI */;
			targetProxy = 12A41FF724CB86CB00252AB3 /* PBXContainerItemProxy */;
		};
/* End PBXTargetDependency section */

/* Begin PBXVariantGroup section */
		12A41FE924CB86C900252AB3 /* Main.storyboard */ = {
			isa = PBXVariantGroup;
			children = (
				12A41FEA24CB86C900252AB3 /* Base */,
			);
			name = Main.storyboard;
			sourceTree = "<group>";
		};
		12A41FEE24CB86CB00252AB3 /* LaunchScreen.storyboard */ = {
			isa = PBXVariantGroup;
			children = (
				12A41FEF24CB86CB00252AB3 /* Base */,
			);
			name = LaunchScreen.storyboard;
			sourceTree = "<group>";
		};
/* End PBXVariantGroup section */

/* Begin XCBuildConfiguration section */
		12A41FFD24CB86CB00252AB3 /* Debug */ = {
			isa = XCBuildConfiguration;
			buildSettings = {
				ALWAYS_SEARCH_USER_PATHS = NO;
				CLANG_ANALYZER_NONNULL = YES;
				CLANG_ANALYZER_NUMBER_OBJECT_CONVERSION = YES_AGGRESSIVE;
				CLANG_CXX_LANGUAGE_STANDARD = "gnu++14";
				CLANG_CXX_LIBRARY = "libc++";
				CLANG_ENABLE_MODULES = YES;
				CLANG_ENABLE_OBJC_ARC = YES;
				CLANG_ENABLE_OBJC_WEAK = YES;
				CLANG_WARN_BLOCK_CAPTURE_AUTORELEASING = YES;
				CLANG_WARN_BOOL_CONVERSION = YES;
				CLANG_WARN_COMMA = YES;
				CLANG_WARN_CONSTANT_CONVERSION = YES;
				CLANG_WARN_DEPRECATED_OBJC_IMPLEMENTATIONS = YES;
				CLANG_WARN_DIRECT_OBJC_ISA_USAGE = YES_ERROR;
				CLANG_WARN_DOCUMENTATION_COMMENTS = YES;
				CLANG_WARN_EMPTY_BODY = YES;
				CLANG_WARN_ENUM_CONVERSION = YES;
				CLANG_WARN_INFINITE_RECURSION = YES;
				CLANG_WARN_INT_CONVERSION = YES;
				CLANG_WARN_NON_LITERAL_NULL_CONVERSION = YES;
				CLANG_WARN_OBJC_IMPLICIT_RETAIN_SELF = YES;
				CLANG_WARN_OBJC_LITERAL_CONVERSION = YES;
				CLANG_WARN_OBJC_ROOT_CLASS = YES_ERROR;
				CLANG_WARN_RANGE_LOOP_ANALYSIS = YES;
				CLANG_WARN_STRICT_PROTOTYPES = YES;
				CLANG_WARN_SUSPICIOUS_MOVE = YES;
				CLANG_WARN_UNGUARDED_AVAILABILITY = YES_AGGRESSIVE;
				CLANG_WARN_UNREACHABLE_CODE = YES;
				CLANG_WARN__DUPLICATE_METHOD_MATCH = YES;
				COPY_PHASE_STRIP = NO;
				DEBUG_INFORMATION_FORMAT = dwarf;
				ENABLE_STRICT_OBJC_MSGSEND = YES;
				ENABLE_TESTABILITY = YES;
				GCC_C_LANGUAGE_STANDARD = gnu11;
				GCC_DYNAMIC_NO_PIC = NO;
				GCC_NO_COMMON_BLOCKS = YES;
				GCC_OPTIMIZATION_LEVEL = 0;
				GCC_PREPROCESSOR_DEFINITIONS = (
					"DEBUG=1",
					"$(inherited)",
				);
				GCC_WARN_64_TO_32_BIT_CONVERSION = YES;
				GCC_WARN_ABOUT_RETURN_TYPE = YES_ERROR;
				GCC_WARN_UNDECLARED_SELECTOR = YES;
				GCC_WARN_UNINITIALIZED_AUTOS = YES_AGGRESSIVE;
				GCC_WARN_UNUSED_FUNCTION = YES;
				GCC_WARN_UNUSED_VARIABLE = YES;
				IPHONEOS_DEPLOYMENT_TARGET = 13.6;
				MTL_ENABLE_DEBUG_INFO = INCLUDE_SOURCE;
				MTL_FAST_MATH = YES;
				ONLY_ACTIVE_ARCH = YES;
				SDKROOT = iphoneos;
				SWIFT_ACTIVE_COMPILATION_CONDITIONS = DEBUG;
				SWIFT_OPTIMIZATION_LEVEL = "-Onone";
			};
			name = Debug;
		};
		12A41FFE24CB86CB00252AB3 /* Release */ = {
			isa = XCBuildConfiguration;
			buildSettings = {
				ALWAYS_SEARCH_USER_PATHS = NO;
				CLANG_ANALYZER_NONNULL = YES;
				CLANG_ANALYZER_NUMBER_OBJECT_CONVERSION = YES_AGGRESSIVE;
				CLANG_CXX_LANGUAGE_STANDARD = "gnu++14";
				CLANG_CXX_LIBRARY = "libc++";
				CLANG_ENABLE_MODULES = YES;
				CLANG_ENABLE_OBJC_ARC = YES;
				CLANG_ENABLE_OBJC_WEAK = YES;
				CLANG_WARN_BLOCK_CAPTURE_AUTORELEASING = YES;
				CLANG_WARN_BOOL_CONVERSION = YES;
				CLANG_WARN_COMMA = YES;
				CLANG_WARN_CONSTANT_CONVERSION = YES;
				CLANG_WARN_DEPRECATED_OBJC_IMPLEMENTATIONS = YES;
				CLANG_WARN_DIRECT_OBJC_ISA_USAGE = YES_ERROR;
				CLANG_WARN_DOCUMENTATION_COMMENTS = YES;
				CLANG_WARN_EMPTY_BODY = YES;
				CLANG_WARN_ENUM_CONVERSION = YES;
				CLANG_WARN_INFINITE_RECURSION = YES;
				CLANG_WARN_INT_CONVERSION = YES;
				CLANG_WARN_NON_LITERAL_NULL_CONVERSION = YES;
				CLANG_WARN_OBJC_IMPLICIT_RETAIN_SELF = YES;
				CLANG_WARN_OBJC_LITERAL_CONVERSION = YES;
				CLANG_WARN_OBJC_ROOT_CLASS = YES_ERROR;
				CLANG_WARN_RANGE_LOOP_ANALYSIS = YES;
				CLANG_WARN_STRICT_PROTOTYPES = YES;
				CLANG_WARN_SUSPICIOUS_MOVE = YES;
				CLANG_WARN_UNGUARDED_AVAILABILITY = YES_AGGRESSIVE;
				CLANG_WARN_UNREACHABLE_CODE = YES;
				CLANG_WARN__DUPLICATE_METHOD_MATCH = YES;
				COPY_PHASE_STRIP = NO;
				DEBUG_INFORMATION_FORMAT = "dwarf-with-dsym";
				ENABLE_NS_ASSERTIONS = NO;
				ENABLE_STRICT_OBJC_MSGSEND = YES;
				GCC_C_LANGUAGE_STANDARD = gnu11;
				GCC_NO_COMMON_BLOCKS = YES;
				GCC_WARN_64_TO_32_BIT_CONVERSION = YES;
				GCC_WARN_ABOUT_RETURN_TYPE = YES_ERROR;
				GCC_WARN_UNDECLARED_SELECTOR = YES;
				GCC_WARN_UNINITIALIZED_AUTOS = YES_AGGRESSIVE;
				GCC_WARN_UNUSED_FUNCTION = YES;
				GCC_WARN_UNUSED_VARIABLE = YES;
				IPHONEOS_DEPLOYMENT_TARGET = 13.6;
				MTL_ENABLE_DEBUG_INFO = NO;
				MTL_FAST_MATH = YES;
				SDKROOT = iphoneos;
				SWIFT_COMPILATION_MODE = wholemodule;
				SWIFT_OPTIMIZATION_LEVEL = "-O";
				VALIDATE_PRODUCT = YES;
			};
			name = Release;
		};
		12A4200024CB86CB00252AB3 /* Debug */ = {
			isa = XCBuildConfiguration;
			buildSettings = {
				ASSETCATALOG_COMPILER_APPICON_NAME = AppIcon;
				CODE_SIGN_STYLE = Automatic;
				DEVELOPMENT_TEAM = H9R2XQV7M2;
				INFOPLIST_FILE = LargeProjectCircleCI/Info.plist;
				LD_RUNPATH_SEARCH_PATHS = (
					"$(inherited)",
					"@executable_path/Frameworks",
				);
				PRODUCT_BUNDLE_IDENTIFIER = com.shahPriyank.LargeProjectCircleCI;
				PRODUCT_NAME = "$(TARGET_NAME)";
				SWIFT_VERSION = 5.0;
				TARGETED_DEVICE_FAMILY = "1,2";
			};
			name = Debug;
		};
		12A4200124CB86CB00252AB3 /* Release */ = {
			isa = XCBuildConfiguration;
			buildSettings = {
				ASSETCATALOG_COMPILER_APPICON_NAME = AppIcon;
				CODE_SIGN_STYLE = Automatic;
				DEVELOPMENT_TEAM = H9R2XQV7M2;
				INFOPLIST_FILE = LargeProjectCircleCI/Info.plist;
				LD_RUNPATH_SEARCH_PATHS = (
					"$(inherited)",
					"@executable_path/Frameworks",
				);
				PRODUCT_BUNDLE_IDENTIFIER = com.shahPriyank.LargeProjectCircleCI;
				PRODUCT_NAME = "$(TARGET_NAME)";
				SWIFT_VERSION = 5.0;
				TARGETED_DEVICE_FAMILY = "1,2";
			};
			name = Release;
		};
		12A4200324CB86CB00252AB3 /* Debug */ = {
			isa = XCBuildConfiguration;
			buildSettings = {
				ALWAYS_EMBED_SWIFT_STANDARD_LIBRARIES = YES;
				BUNDLE_LOADER = "$(TEST_HOST)";
				CODE_SIGN_STYLE = Automatic;
				DEVELOPMENT_TEAM = H9R2XQV7M2;
				INFOPLIST_FILE = LargeProjectCircleCITests/Info.plist;
				IPHONEOS_DEPLOYMENT_TARGET = 13.6;
				LD_RUNPATH_SEARCH_PATHS = (
					"$(inherited)",
					"@executable_path/Frameworks",
					"@loader_path/Frameworks",
				);
				PRODUCT_BUNDLE_IDENTIFIER = com.shahPriyank.LargeProjectCircleCITests;
				PRODUCT_NAME = "$(TARGET_NAME)";
				SWIFT_VERSION = 5.0;
				TARGETED_DEVICE_FAMILY = "1,2";
				TEST_HOST = "$(BUILT_PRODUCTS_DIR)/LargeProjectCircleCI.app/LargeProjectCircleCI";
			};
			name = Debug;
		};
		12A4200424CB86CB00252AB3 /* Release */ = {
			isa = XCBuildConfiguration;
			buildSettings = {
				ALWAYS_EMBED_SWIFT_STANDARD_LIBRARIES = YES;
				BUNDLE_LOADER = "$(TEST_HOST)";
				CODE_SIGN_STYLE = Automatic;
				DEVELOPMENT_TEAM = H9R2XQV7M2;
				INFOPLIST_FILE = LargeProjectCircleCITests/Info.plist;
				IPHONEOS_DEPLOYMENT_TARGET = 13.6;
				LD_RUNPATH_SEARCH_PATHS = (
					"$(inherited)",
					"@executable_path/Frameworks",
					"@loader_path/Frameworks",
				);
				PRODUCT_BUNDLE_IDENTIFIER = com.shahPriyank.LargeProjectCircleCITests;
				PRODUCT_NAME = "$(TARGET_NAME)";
				SWIFT_VERSION = 5.0;
				TARGETED_DEVICE_FAMILY = "1,2";
				TEST_HOST = "$(BUILT_PRODUCTS_DIR)/LargeProjectCircleCI.app/LargeProjectCircleCI";
			};
			name = Release;
		};
/* End XCBuildConfiguration section */

/* Begin XCConfigurationList section */
		12A41FDB24CB86C900252AB3 /* Build configuration list for PBXProject "LargeProjectCircleCI" */ = {
			isa = XCConfigurationList;
			buildConfigurations = (
				12A41FFD24CB86CB00252AB3 /* Debug */,
				12A41FFE24CB86CB00252AB3 /* Release */,
			);
			defaultConfigurationIsVisible = 0;
			defaultConfigurationName = Release;
		};
		12A41FFF24CB86CB00252AB3 /* Build configuration list for PBXNativeTarget "LargeProjectCircleCI" */ = {
			isa = XCConfigurationList;
			buildConfigurations = (
				12A4200024CB86CB00252AB3 /* Debug */,
				12A4200124CB86CB00252AB3 /* Release */,
			);
			defaultConfigurationIsVisible = 0;
			defaultConfigurationName = Release;
		};
		12A4200224CB86CB00252AB3 /* Build configuration list for PBXNativeTarget "LargeProjectCircleCITests" */ = {
			isa = XCConfigurationList;
			buildConfigurations = (
				12A4200324CB86CB00252AB3 /* Debug */,
				12A4200424CB86CB00252AB3 /* Release */,
			);
			defaultConfigurationIsVisible = 0;
			defaultConfigurationName = Release;
		};
/* End XCConfigurationList section */
	};
	rootObject = 12A41FD824CB86C900252AB3 /* Project object */;
}
